
Microsoft Visual Studio Solution File, Format Version 12.00
# Visual Studio 14
VisualStudioVersion = 14.0.24720.0
MinimumVisualStudioVersion = 10.0.40219.1
Project("{FAE04EC0-301F-11D3-BF4B-00C04F79EFBC}") = "SchoolCheckIn", "SchoolCheckIn\SchoolCheckIn.csproj", "{F99A68FF-608A-4E41-8D67-DBF474D5FCAF}"
EndProject
Project("{FAE04EC0-301F-11D3-BF4B-00C04F79EFBC}") = "SchoolCheckIn.Tests", "SchoolCheckIn.Tests\SchoolCheckIn.Tests.csproj", "{D1712CF8-092C-45EF-9157-54F33A1B250E}"
EndProject
Global
	GlobalSection(SolutionConfigurationPlatforms) = preSolution
		Debug|Any CPU = Debug|Any CPU
		Release|Any CPU = Release|Any CPU
	EndGlobalSection
	GlobalSection(ProjectConfigurationPlatforms) = postSolution
		{F99A68FF-608A-4E41-8D67-DBF474D5FCAF}.Debug|Any CPU.ActiveCfg = Debug|Any CPU
		{F99A68FF-608A-4E41-8D67-DBF474D5FCAF}.Debug|Any CPU.Build.0 = Debug|Any CPU
		{F99A68FF-608A-4E41-8D67-DBF474D5FCAF}.Release|Any CPU.ActiveCfg = Release|Any CPU
		{F99A68FF-608A-4E41-8D67-DBF474D5FCAF}.Release|Any CPU.Build.0 = Release|Any CPU
		{D1712CF8-092C-45EF-9157-54F33A1B250E}.Debug|Any CPU.ActiveCfg = Debug|Any CPU
		{D1712CF8-092C-45EF-9157-54F33A1B250E}.Debug|Any CPU.Build.0 = Debug|Any CPU
		{D1712CF8-092C-45EF-9157-54F33A1B250E}.Release|Any CPU.ActiveCfg = Release|Any CPU
		{D1712CF8-092C-45EF-9157-54F33A1B250E}.Release|Any CPU.Build.0 = Release|Any CPU
	EndGlobalSection
	GlobalSection(SolutionProperties) = preSolution
		HideSolutionNode = FALSE
	EndGlobalSection
EndGlobal
